// !$*UTF8*$!
{
	archiveVersion = 1;
	classes = {
	};
	objectVersion = 46;
	objects = {

/* Begin PBXBuildFile section */
		CE2AD4641EE9348C002BF23E /* main.m in Sources */ = {isa = PBXBuildFile; fileRef = CE2AD4631EE9348C002BF23E /* main.m */; };
		CE2AD4671EE9348C002BF23E /* AppDelegate.m in Sources */ = {isa = PBXBuildFile; fileRef = CE2AD4661EE9348C002BF23E /* AppDelegate.m */; };
		CE2AD46A1EE9348C002BF23E /* ViewController.m in Sources */ = {isa = PBXBuildFile; fileRef = CE2AD4691EE9348C002BF23E /* ViewController.m */; };
		CE2AD46F1EE9348C002BF23E /* Assets.xcassets in Resources */ = {isa = PBXBuildFile; fileRef = CE2AD46E1EE9348C002BF23E /* Assets.xcassets */; };
		CE2AD4721EE9348C002BF23E /* LaunchScreen.storyboard in Resources */ = {isa = PBXBuildFile; fileRef = CE2AD4701EE9348C002BF23E /* LaunchScreen.storyboard */; };
		CE2AD47F1EE9426B002BF23E /* StringUtil.m in Sources */ = {isa = PBXBuildFile; fileRef = CE2AD47E1EE9426B002BF23E /* StringUtil.m */; };
/* End PBXBuildFile section */

/* Begin PBXFileReference section */
		CE2AD45F1EE9348C002BF23E /* StringUtil.app */ = {isa = PBXFileReference; explicitFileType = wrapper.application; includeInIndex = 0; path = StringUtil.app; sourceTree = BUILT_PRODUCTS_DIR; };
		CE2AD4631EE9348C002BF23E /* main.m */ = {isa = PBXFileReference; lastKnownFileType = sourcecode.c.objc; path = main.m; sourceTree = "<group>"; };
		CE2AD4651EE9348C002BF23E /* AppDelegate.h */ = {isa = PBXFileReference; lastKnownFileType = sourcecode.c.h; path = AppDelegate.h; sourceTree = "<group>"; };
		CE2AD4661EE9348C002BF23E /* AppDelegate.m */ = {isa = PBXFileReference; lastKnownFileType = sourcecode.c.objc; path = AppDelegate.m; sourceTree = "<group>"; };
		CE2AD4681EE9348C002BF23E /* ViewController.h */ = {isa = PBXFileReference; lastKnownFileType = sourcecode.c.h; path = ViewController.h; sourceTree = "<group>"; };
		CE2AD4691EE9348C002BF23E /* ViewController.m */ = {isa = PBXFileReference; lastKnownFileType = sourcecode.c.objc; path = ViewController.m; sourceTree = "<group>"; };
		CE2AD46E1EE9348C002BF23E /* Assets.xcassets */ = {isa = PBXFileReference; lastKnownFileType = folder.assetcatalog; path = Assets.xcassets; sourceTree = "<group>"; };
		CE2AD4711EE9348C002BF23E /* Base */ = {isa = PBXFileReference; lastKnownFileType = file.storyboard; name = Base; path = Base.lproj/LaunchScreen.storyboard; sourceTree = "<group>"; };
		CE2AD4731EE9348C002BF23E /* Info.plist */ = {isa = PBXFileReference; lastKnownFileType = text.plist.xml; path = Info.plist; sourceTree = "<group>"; };
		CE2AD47D1EE9426B002BF23E /* StringUtil.h */ = {isa = PBXFileReference; fileEncoding = 4; lastKnownFileType = sourcecode.c.h; path = StringUtil.h; sourceTree = "<group>"; };
		CE2AD47E1EE9426B002BF23E /* StringUtil.m */ = {isa = PBXFileReference; fileEncoding = 4; lastKnownFileType = sourcecode.c.objc; path = StringUtil.m; sourceTree = "<group>"; };
/* End PBXFileReference section */

/* Begin PBXFrameworksBuildPhase section */
		CE2AD45C1EE9348C002BF23E /* Frameworks */ = {
			isa = PBXFrameworksBuildPhase;
			buildActionMask = 2147483647;
			files = (
			);
			runOnlyForDeploymentPostprocessing = 0;
		};
/* End PBXFrameworksBuildPhase section */

/* Begin PBXGroup section */
		CE2AD4561EE9348C002BF23E = {
			isa = PBXGroup;
			children = (
				CE2AD4611EE9348C002BF23E /* StringUtil */,
				CE2AD4601EE9348C002BF23E /* Products */,
			);
			sourceTree = "<group>";
		};
		CE2AD4601EE9348C002BF23E /* Products */ = {
			isa = PBXGroup;
			children = (
				CE2AD45F1EE9348C002BF23E /* StringUtil.app */,
			);
			name = Products;
			sourceTree = "<group>";
		};
		CE2AD4611EE9348C002BF23E /* StringUtil */ = {
			isa = PBXGroup;
			children = (
				CE2AD4651EE9348C002BF23E /* AppDelegate.h */,
				CE2AD4661EE9348C002BF23E /* AppDelegate.m */,
				CE2AD4681EE9348C002BF23E /* ViewController.h */,
				CE2AD4691EE9348C002BF23E /* ViewController.m */,
				CE2AD47C1EE9426B002BF23E /* Classes */,
				CE2AD46E1EE9348C002BF23E /* Assets.xcassets */,
				CE2AD4701EE9348C002BF23E /* LaunchScreen.storyboard */,
				CE2AD4731EE9348C002BF23E /* Info.plist */,
				CE2AD4621EE9348C002BF23E /* Supporting Files */,
			);
			path = StringUtil;
			sourceTree = "<group>";
		};
		CE2AD4621EE9348C002BF23E /* Supporting Files */ = {
			isa = PBXGroup;
			children = (
				CE2AD4631EE9348C002BF23E /* main.m */,
			);
			name = "Supporting Files";
			sourceTree = "<group>";
		};
		CE2AD47C1EE9426B002BF23E /* Classes */ = {
			isa = PBXGroup;
			children = (
				CE2AD47D1EE9426B002BF23E /* StringUtil.h */,
				CE2AD47E1EE9426B002BF23E /* StringUtil.m */,
			);
			path = Classes;
			sourceTree = "<group>";
		};
/* End PBXGroup section */

/* Begin PBXNativeTarget section */
		CE2AD45E1EE9348C002BF23E /* StringUtil */ = {
			isa = PBXNativeTarget;
			buildConfigurationList = CE2AD4761EE9348C002BF23E /* Build configuration list for PBXNativeTarget "StringUtil" */;
			buildPhases = (
				CE2AD45B1EE9348C002BF23E /* Sources */,
				CE2AD45C1EE9348C002BF23E /* Frameworks */,
				CE2AD45D1EE9348C002BF23E /* Resources */,
			);
			buildRules = (
			);
			dependencies = (
			);
			name = StringUtil;
			productName = StringUtil;
			productReference = CE2AD45F1EE9348C002BF23E /* StringUtil.app */;
			productType = "com.apple.product-type.application";
		};
/* End PBXNativeTarget section */

/* Begin PBXProject section */
		CE2AD4571EE9348C002BF23E /* Project object */ = {
			isa = PBXProject;
			attributes = {
				LastUpgradeCheck = 0830;
				ORGANIZATIONNAME = "康泽付";
				TargetAttributes = {
					CE2AD45E1EE9348C002BF23E = {
						CreatedOnToolsVersion = 8.3.2;
						ProvisioningStyle = Automatic;
					};
				};
			};
			buildConfigurationList = CE2AD45A1EE9348C002BF23E /* Build configuration list for PBXProject "StringUtil" */;
			compatibilityVersion = "Xcode 3.2";
			developmentRegion = English;
			hasScannedForEncodings = 0;
			knownRegions = (
				en,
				Base,
			);
			mainGroup = CE2AD4561EE9348C002BF23E;
			productRefGroup = CE2AD4601EE9348C002BF23E /* Products */;
			projectDirPath = "";
			projectRoot = "";
			targets = (
				CE2AD45E1EE9348C002BF23E /* StringUtil */,
			);
		};
/* End PBXProject section */

/* Begin PBXResourcesBuildPhase section */
		CE2AD45D1EE9348C002BF23E /* Resources */ = {
			isa = PBXResourcesBuildPhase;
			buildActionMask = 2147483647;
			files = (
				CE2AD4721EE9348C002BF23E /* LaunchScreen.storyboard in Resources */,
				CE2AD46F1EE9348C002BF23E /* Assets.xcassets in Resources */,
			);
			runOnlyForDeploymentPostprocessing = 0;
		};
/* End PBXResourcesBuildPhase section */

/* Begin PBXSourcesBuildPhase section */
		CE2AD45B1EE9348C002BF23E /* Sources */ = {
			isa = PBXSourcesBuildPhase;
			buildActionMask = 2147483647;
			files = (
				CE2AD47F1EE9426B002BF23E /* StringUtil.m in Sources */,
				CE2AD46A1EE9348C002BF23E /* ViewController.m in Sources */,
				CE2AD4671EE9348C002BF23E /* AppDelegate.m in Sources */,
				CE2AD4641EE9348C002BF23E /* main.m in Sources */,
			);
			runOnlyForDeploymentPostprocessing = 0;
		};
/* End PBXSourcesBuildPhase section */

/* Begin PBXVariantGroup section */
		CE2AD4701EE9348C002BF23E /* LaunchScreen.storyboard */ = {
			isa = PBXVariantGroup;
			children = (
				CE2AD4711EE9348C002BF23E /* Base */,
			);
			name = LaunchScreen.storyboard;
			sourceTree = "<group>";
		};
/* End PBXVariantGroup section */

/* Begin XCBuildConfiguration section */
		CE2AD4741EE9348C002BF23E /* Debug */ = {
			isa = XCBuildConfiguration;
			buildSettings = {
				ALWAYS_SEARCH_USER_PATHS = NO;
				CLANG_ANALYZER_NONNULL = YES;
				CLANG_ANALYZER_NUMBER_OBJECT_CONVERSION = YES_AGGRESSIVE;
				CLANG_CXX_LANGUAGE_STANDARD = "gnu++0x";
				CLANG_CXX_LIBRARY = "libc++";
				CLANG_ENABLE_MODULES = YES;
				CLANG_ENABLE_OBJC_ARC = YES;
				CLANG_WARN_BOOL_CONVERSION = YES;
				CLANG_WARN_CONSTANT_CONVERSION = YES;
				CLANG_WARN_DIRECT_OBJC_ISA_USAGE = YES_ERROR;
				CLANG_WARN_DOCUMENTATION_COMMENTS = YES;
				CLANG_WARN_EMPTY_BODY = YES;
				CLANG_WARN_ENUM_CONVERSION = YES;
				CLANG_WARN_INFINITE_RECURSION = YES;
				CLANG_WARN_INT_CONVERSION = YES;
				CLANG_WARN_OBJC_ROOT_CLASS = YES_ERROR;
				CLANG_WARN_SUSPICIOUS_MOVE = YES;
				CLANG_WARN_UNREACHABLE_CODE = YES;
				CLANG_WARN__DUPLICATE_METHOD_MATCH = YES;
				"CODE_SIGN_IDENTITY[sdk=iphoneos*]" = "iPhone Developer";
				COPY_PHASE_STRIP = NO;
				DEBUG_INFORMATION_FORMAT = dwarf;
				ENABLE_STRICT_OBJC_MSGSEND = YES;
				ENABLE_TESTABILITY = YES;
				GCC_C_LANGUAGE_STANDARD = gnu99;
				GCC_DYNAMIC_NO_PIC = NO;
				GCC_NO_COMMON_BLOCKS = YES;
				GCC_OPTIMIZATION_LEVEL = 0;
				GCC_PREPROCESSOR_DEFINITIONS = (
					"DEBUG=1",
					"$(inherited)",
				);
				GCC_WARN_64_TO_32_BIT_CONVERSION = YES;
				GCC_WARN_ABOUT_RETURN_TYPE = YES_ERROR;
				GCC_WARN_UNDECLARED_SELECTOR = YES;
				GCC_WARN_UNINITIALIZED_AUTOS = YES_AGGRESSIVE;
				GCC_WARN_UNUSED_FUNCTION = YES;
				GCC_WARN_UNUSED_VARIABLE = YES;
				IPHONEOS_DEPLOYMENT_TARGET = 10.3;
				MTL_ENABLE_DEBUG_INFO = YES;
				ONLY_ACTIVE_ARCH = YES;
				SDKROOT = iphoneos;
			};
			name = Debug;
		};
		CE2AD4751EE9348C002BF23E /* Release */ = {
			isa = XCBuildConfiguration;
			buildSettings = {
				ALWAYS_SEARCH_USER_PATHS = NO;
				CLANG_ANALYZER_NONNULL = YES;
				CLANG_ANALYZER_NUMBER_OBJECT_CONVERSION = YES_AGGRESSIVE;
				CLANG_CXX_LANGUAGE_STANDARD = "gnu++0x";
				CLANG_CXX_LIBRARY = "libc++";
				CLANG_ENABLE_MODULES = YES;
				CLANG_ENABLE_OBJC_ARC = YES;
				CLANG_WARN_BOOL_CONVERSION = YES;
				CLANG_WARN_CONSTANT_CONVERSION = YES;
				CLANG_WARN_DIRECT_OBJC_ISA_USAGE = YES_ERROR;
				CLANG_WARN_DOCUMENTATION_COMMENTS = YES;
				CLANG_WARN_EMPTY_BODY = YES;
				CLANG_WARN_ENUM_CONVERSION = YES;
				CLANG_WARN_INFINITE_RECURSION = YES;
				CLANG_WARN_INT_CONVERSION = YES;
				CLANG_WARN_OBJC_ROOT_CLASS = YES_ERROR;
				CLANG_WARN_SUSPICIOUS_MOVE = YES;
				CLANG_WARN_UNREACHABLE_CODE = YES;
				CLANG_WARN__DUPLICATE_METHOD_MATCH = YES;
				"CODE_SIGN_IDENTITY[sdk=iphoneos*]" = "iPhone Developer";
				COPY_PHASE_STRIP = NO;
				DEBUG_INFORMATION_FORMAT = "dwarf-with-dsym";
				ENABLE_NS_ASSERTIONS = NO;
				ENABLE_STRICT_OBJC_MSGSEND = YES;
				GCC_C_LANGUAGE_STANDARD = gnu99;
				GCC_NO_COMMON_BLOCKS = YES;
				GCC_WARN_64_TO_32_BIT_CONVERSION = YES;
				GCC_WARN_ABOUT_RETURN_TYPE = YES_ERROR;
				GCC_WARN_UNDECLARED_SELECTOR = YES;
				GCC_WARN_UNINITIALIZED_AUTOS = YES_AGGRESSIVE;
				GCC_WARN_UNUSED_FUNCTION = YES;
				GCC_WARN_UNUSED_VARIABLE = YES;
				IPHONEOS_DEPLOYMENT_TARGET = 10.3;
				MTL_ENABLE_DEBUG_INFO = NO;
				SDKROOT = iphoneos;
				VALIDATE_PRODUCT = YES;
			};
			name = Release;
		};
		CE2AD4771EE9348C002BF23E /* Debug */ = {
			isa = XCBuildConfiguration;
			buildSettings = {
				ASSETCATALOG_COMPILER_APPICON_NAME = AppIcon;
				INFOPLIST_FILE = StringUtil/Info.plist;
				LD_RUNPATH_SEARCH_PATHS = "$(inherited) @executable_path/Frameworks";
				PRODUCT_BUNDLE_IDENTIFIER = kkk.StringUtil;
				PRODUCT_NAME = "$(TARGET_NAME)";
			};
			name = Debug;
		};
		CE2AD4781EE9348C002BF23E /* Release */ = {
			isa = XCBuildConfiguration;
			buildSettings = {
				ASSETCATALOG_COMPILER_APPICON_NAME = AppIcon;
				INFOPLIST_FILE = StringUtil/Info.plist;
				LD_RUNPATH_SEARCH_PATHS = "$(inherited) @executable_path/Frameworks";
				PRODUCT_BUNDLE_IDENTIFIER = kkk.StringUtil;
				PRODUCT_NAME = "$(TARGET_NAME)";
			};
			name = Release;
		};
/* End XCBuildConfiguration section */

/* Begin XCConfigurationList section */
		CE2AD45A1EE9348C002BF23E /* Build configuration list for PBXProject "StringUtil" */ = {
			isa = XCConfigurationList;
			buildConfigurations = (
				CE2AD4741EE9348C002BF23E /* Debug */,
				CE2AD4751EE9348C002BF23E /* Release */,
			);
			defaultConfigurationIsVisible = 0;
			defaultConfigurationName = Release;
		};
		CE2AD4761EE9348C002BF23E /* Build configuration list for PBXNativeTarget "StringUtil" */ = {
			isa = XCConfigurationList;
			buildConfigurations = (
				CE2AD4771EE9348C002BF23E /* Debug */,
				CE2AD4781EE9348C002BF23E /* Release */,
			);
			defaultConfigurationIsVisible = 0;
			defaultConfigurationName = Release;
		};
/* End XCConfigurationList section */
	};
	rootObject = CE2AD4571EE9348C002BF23E /* Project object */;
}
